Microsoft Visual Studio Solution File, Format Version 12.00
# Visual Studio Version 17
VisualStudioVersion = 17.14.35806.103
MinimumVisualStudioVersion = 10.0.40219.1
Project("{FAE04EC0-301F-11D3-BF4B-00C04F79EFBC}") = "qlytruonghoc", "qlytruonghoc\qlytruonghoc.csproj", "{964B7AEB-187B-4E0B-80B8-4B4601019321}"
EndProject
Global
	GlobalSection(SolutionConfigurationPlatforms) = preSolution
		Debug|Any CPU = Debug|Any CPU
		Release|Any CPU = Release|Any CPU
	EndGlobalSection
	GlobalSection(ProjectConfigurationPlatforms) = postSolution
		{964B7AEB-187B-4E0B-80B8-4B4601019321}.Debug|Any CPU.ActiveCfg = Debug|Any CPU
		{964B7AEB-187B-4E0B-80B8-4B4601019321}.Debug|Any CPU.Build.0 = Debug|Any CPU
		{964B7AEB-187B-4E0B-80B8-4B4601019321}.Release|Any CPU.ActiveCfg = Release|Any CPU
		{964B7AEB-187B-4E0B-80B8-4B4601019321}.Release|Any CPU.Build.0 = Release|Any CPU
	EndGlobalSection
	GlobalSection(SolutionProperties) = preSolution
		HideSolutionNode = FALSE
	EndGlobalSection
	GlobalSection(ExtensibilityGlobals) = postSolution
		SolutionGuid = {D77C7ED4-AA82-4D98-AF91-5B818C535417}
	EndGlobalSection
EndGlobal
